{
  "name": "@alien.sh/alien",
  "version": "0.0.11",
  "lockfileVersion": 1,
  "requires": true,
  "dependencies": {
    "@alien.sh/repl": {
      "version": "1.0.0",
      "resolved": "https://registry.npmjs.org/@alien.sh/repl/-/repl-1.0.0.tgz",
      "integrity": "sha512-w1Vl1vo4Bs5Jo2mokC/ljfdYb3I5LE2BvOEg8eKCxLRAFYJxe7i0ZKNsEkqJTnRqXUK2+u7XREIEV/8nxpIZBg==",
      "requires": {
        "strip-ansi": "^6.0.0"
      }
    },
    "@alien.sh/signals": {
      "version": "1.0.0",
      "resolved": "https://registry.npmjs.org/@alien.sh/signals/-/signals-1.0.0.tgz",
      "integrity": "sha512-ZbhLoxA3pWAxHQ52wGspasOimhGg21pyFquEt7CKvn9ySqdM59MIVlXxtx4bAo6h6Z8h9nfEgsmlIFG9nSfAZQ==",
      "requires": {
        "nan": "^2.14.0"
      }
    },
    "ansi-regex": {
      "version": "5.0.0",
      "resolved": "https://registry.npmjs.org/ansi-regex/-/ansi-regex-5.0.0.tgz",
      "integrity": "sha512-bY6fj56OUQ0hU1KjFNDQuJFezqKdrAyFdIevADiqrWHwSlbmBNMHp5ak2f40Pm8JTFyM2mqxkG6ngkHO11f/lg=="
    },
    "bean-parser": {
      "version": "1.0.7",
      "resolved": "https://registry.npmjs.org/bean-parser/-/bean-parser-1.0.7.tgz",
      "integrity": "sha512-sj2tgCcwPuqdOJxmZMV/M3BpScJHRut3RrFGjRzOPTWmSmxudEIx3NDz1WIdzDaLpvT9lMmf/tmtd6LOBUco3Q=="
    },
    "nan": {
      "version": "2.14.0",
      "resolved": "https://registry.npmjs.org/nan/-/nan-2.14.0.tgz",
      "integrity": "sha512-INOFj37C7k3AfaNTtX8RhsTw7qRy7eLET14cROi9+5HAVbbHuIWUHEauBv5qT4Av2tWasiTY1Jw6puUNqRJXQg=="
    },
    "strip-ansi": {
      "version": "6.0.0",
      "resolved": "https://registry.npmjs.org/strip-ansi/-/strip-ansi-6.0.0.tgz",
      "integrity": "sha512-AuvKTrTfQNYNIctbR1K/YGTR1756GycPsg7b9bdV9Duqur4gv6aKqHXah67Z8ImS7WEz5QVcOtlfW2rZEugt6w==",
      "requires": {
        "ansi-regex": "^5.0.0"
      }
    }
  }
}
